
Microsoft Visual Studio Solution File, Format Version 12.00
# Visual Studio Version 17
VisualStudioVersion = 17.4.33205.214
MinimumVisualStudioVersion = 10.0.40219.1
Project("{9A19103F-16F7-4668-BE54-9A1E7A4F7556}") = "Entekhab.Endpoints.WebApi", "Entekhab\Entekhab.Endpoints.WebApi.csproj", "{7E9231F4-E16E-457A-AE61-896B0BC22E47}"
EndProject
Project("{9A19103F-16F7-4668-BE54-9A1E7A4F7556}") = "Entekhab.Infrastructure.EfPersistance", "Entekhab.Infrastructure.Ef\Entekhab.Infrastructure.EfPersistance.csproj", "{BAE04BF8-C390-4265-AD70-3A14262D8383}"
EndProject
Project("{2150E333-8FDC-42A3-9474-1A3956D46DE8}") = "Infra", "Infra", "{04FE2F76-89C9-45A0-BFC2-0A09D3CE74D9}"
EndProject
Project("{2150E333-8FDC-42A3-9474-1A3956D46DE8}") = "Presentation", "Presentation", "{9E7E1813-2A23-4AF1-9DE8-ADD55DDF6A3B}"
EndProject
Project("{9A19103F-16F7-4668-BE54-9A1E7A4F7556}") = "Entekhab.Infrastructure.Dapper", "Entekhab.Infrastructure.Dapper\Entekhab.Infrastructure.Dapper.csproj", "{C749A3E6-2C61-4869-ACAA-35815AD4A0E8}"
EndProject
Project("{2150E333-8FDC-42A3-9474-1A3956D46DE8}") = "Core", "Core", "{CDDB3BA6-B095-474F-AF85-4F71BADB463B}"
EndProject
Project("{2150E333-8FDC-42A3-9474-1A3956D46DE8}") = "Domains", "Domains", "{2ED15970-0A75-430E-9BB8-FEB03940BAFD}"
EndProject
Project("{9A19103F-16F7-4668-BE54-9A1E7A4F7556}") = "Entekhab.Domain", "Entekhab.Domain\Entekhab.Domain.csproj", "{1FDCEB2E-731E-4CCE-AD6C-E3C6178152EC}"
EndProject
Project("{9A19103F-16F7-4668-BE54-9A1E7A4F7556}") = "Entekhab.OvetimePolicies", "Entekhab.OvetimePolicies\Entekhab.OvetimePolicies.csproj", "{E08B454C-135A-4794-BF93-22527935618F}"
EndProject
Project("{9A19103F-16F7-4668-BE54-9A1E7A4F7556}") = "Entekhab.Applications", "Entekhab.Application\Entekhab.Applications.csproj", "{5E8B8373-7297-45C2-B787-31877965EE9C}"
EndProject
Project("{2150E333-8FDC-42A3-9474-1A3956D46DE8}") = "Applications", "Applications", "{139D21FB-6FAF-4A53-B962-B13CE24A1C07}"
EndProject
Project("{E53339B2-1760-4266-BCC7-CA923CBCF16C}") = "docker-compose", "docker-compose.dcproj", "{E336AF46-91EE-4B20-97A9-00850E1C4BE4}"
EndProject
Global
	GlobalSection(SolutionConfigurationPlatforms) = preSolution
		Debug|Any CPU = Debug|Any CPU
		Release|Any CPU = Release|Any CPU
	EndGlobalSection
	GlobalSection(ProjectConfigurationPlatforms) = postSolution
		{7E9231F4-E16E-457A-AE61-896B0BC22E47}.Debug|Any CPU.ActiveCfg = Debug|Any CPU
		{7E9231F4-E16E-457A-AE61-896B0BC22E47}.Debug|Any CPU.Build.0 = Debug|Any CPU
		{7E9231F4-E16E-457A-AE61-896B0BC22E47}.Release|Any CPU.ActiveCfg = Release|Any CPU
		{7E9231F4-E16E-457A-AE61-896B0BC22E47}.Release|Any CPU.Build.0 = Release|Any CPU
		{BAE04BF8-C390-4265-AD70-3A14262D8383}.Debug|Any CPU.ActiveCfg = Debug|Any CPU
		{BAE04BF8-C390-4265-AD70-3A14262D8383}.Debug|Any CPU.Build.0 = Debug|Any CPU
		{BAE04BF8-C390-4265-AD70-3A14262D8383}.Release|Any CPU.ActiveCfg = Release|Any CPU
		{BAE04BF8-C390-4265-AD70-3A14262D8383}.Release|Any CPU.Build.0 = Release|Any CPU
		{C749A3E6-2C61-4869-ACAA-35815AD4A0E8}.Debug|Any CPU.ActiveCfg = Debug|Any CPU
		{C749A3E6-2C61-4869-ACAA-35815AD4A0E8}.Debug|Any CPU.Build.0 = Debug|Any CPU
		{C749A3E6-2C61-4869-ACAA-35815AD4A0E8}.Release|Any CPU.ActiveCfg = Release|Any CPU
		{C749A3E6-2C61-4869-ACAA-35815AD4A0E8}.Release|Any CPU.Build.0 = Release|Any CPU
		{1FDCEB2E-731E-4CCE-AD6C-E3C6178152EC}.Debug|Any CPU.ActiveCfg = Debug|Any CPU
		{1FDCEB2E-731E-4CCE-AD6C-E3C6178152EC}.Debug|Any CPU.Build.0 = Debug|Any CPU
		{1FDCEB2E-731E-4CCE-AD6C-E3C6178152EC}.Release|Any CPU.ActiveCfg = Release|Any CPU
		{1FDCEB2E-731E-4CCE-AD6C-E3C6178152EC}.Release|Any CPU.Build.0 = Release|Any CPU
		{E08B454C-135A-4794-BF93-22527935618F}.Debug|Any CPU.ActiveCfg = Debug|Any CPU
		{E08B454C-135A-4794-BF93-22527935618F}.Debug|Any CPU.Build.0 = Debug|Any CPU
		{E08B454C-135A-4794-BF93-22527935618F}.Release|Any CPU.ActiveCfg = Release|Any CPU
		{E08B454C-135A-4794-BF93-22527935618F}.Release|Any CPU.Build.0 = Release|Any CPU
		{5E8B8373-7297-45C2-B787-31877965EE9C}.Debug|Any CPU.ActiveCfg = Debug|Any CPU
		{5E8B8373-7297-45C2-B787-31877965EE9C}.Debug|Any CPU.Build.0 = Debug|Any CPU
		{5E8B8373-7297-45C2-B787-31877965EE9C}.Release|Any CPU.ActiveCfg = Release|Any CPU
		{5E8B8373-7297-45C2-B787-31877965EE9C}.Release|Any CPU.Build.0 = Release|Any CPU
		{E336AF46-91EE-4B20-97A9-00850E1C4BE4}.Debug|Any CPU.ActiveCfg = Debug|Any CPU
		{E336AF46-91EE-4B20-97A9-00850E1C4BE4}.Debug|Any CPU.Build.0 = Debug|Any CPU
		{E336AF46-91EE-4B20-97A9-00850E1C4BE4}.Release|Any CPU.ActiveCfg = Release|Any CPU
		{E336AF46-91EE-4B20-97A9-00850E1C4BE4}.Release|Any CPU.Build.0 = Release|Any CPU
	EndGlobalSection
	GlobalSection(SolutionProperties) = preSolution
		HideSolutionNode = FALSE
	EndGlobalSection
	GlobalSection(NestedProjects) = preSolution
		{7E9231F4-E16E-457A-AE61-896B0BC22E47} = {9E7E1813-2A23-4AF1-9DE8-ADD55DDF6A3B}
		{BAE04BF8-C390-4265-AD70-3A14262D8383} = {04FE2F76-89C9-45A0-BFC2-0A09D3CE74D9}
		{C749A3E6-2C61-4869-ACAA-35815AD4A0E8} = {04FE2F76-89C9-45A0-BFC2-0A09D3CE74D9}
		{2ED15970-0A75-430E-9BB8-FEB03940BAFD} = {CDDB3BA6-B095-474F-AF85-4F71BADB463B}
		{1FDCEB2E-731E-4CCE-AD6C-E3C6178152EC} = {2ED15970-0A75-430E-9BB8-FEB03940BAFD}
		{E08B454C-135A-4794-BF93-22527935618F} = {CDDB3BA6-B095-474F-AF85-4F71BADB463B}
		{5E8B8373-7297-45C2-B787-31877965EE9C} = {139D21FB-6FAF-4A53-B962-B13CE24A1C07}
		{139D21FB-6FAF-4A53-B962-B13CE24A1C07} = {CDDB3BA6-B095-474F-AF85-4F71BADB463B}
	EndGlobalSection
	GlobalSection(ExtensibilityGlobals) = postSolution
		SolutionGuid = {902A9AB2-7330-4863-B980-01AFA680C677}
	EndGlobalSection
EndGlobal
